
Microsoft Visual Studio Solution File, Format Version 12.00
# Visual Studio 15
VisualStudioVersion = 15.0.27703.2035
MinimumVisualStudioVersion = 10.0.40219.1
Project("{FAE04EC0-301F-11D3-BF4B-00C04F79EFBC}") = "MyCalculator.Web", "MyCalculator.Web\MyCalculator.Web.csproj", "{557902BC-836F-4F84-BF15-D283BDCCD5CD}"
EndProject
Project("{FAE04EC0-301F-11D3-BF4B-00C04F79EFBC}") = "MyCalculator.DAL", "MyCalculator.DAL\MyCalculator.DAL.csproj", "{5421567A-6ABF-46BC-85E1-EC7F6457A73C}"
EndProject
Project("{FAE04EC0-301F-11D3-BF4B-00C04F79EFBC}") = "MyCalculator.BLL", "MyCalculator.BLL\MyCalculator.BLL.csproj", "{47FD14F9-5680-4953-994E-8B08047FBED7}"
EndProject
Project("{FAE04EC0-301F-11D3-BF4B-00C04F79EFBC}") = "MyCalculator.Common", "MyCalculator.Common\MyCalculator.Common.csproj", "{DD73A43C-6D95-48F0-BDF5-0560833CA9B7}"
EndProject
Project("{FAE04EC0-301F-11D3-BF4B-00C04F79EFBC}") = "MyCalculator.Models", "MyCalculator.Models\MyCalculator.Models.csproj", "{E01D6611-1B22-4E21-9FD3-501CE5260C46}"
EndProject
Project("{FAE04EC0-301F-11D3-BF4B-00C04F79EFBC}") = "MyCalculator.IDAL", "MyCalculator.IBLL\MyCalculator.IDAL.csproj", "{581B0E45-E5F5-4F04-902E-D58ADDC33500}"
EndProject
Global
	GlobalSection(SolutionConfigurationPlatforms) = preSolution
		Debug|Any CPU = Debug|Any CPU
		Release|Any CPU = Release|Any CPU
	EndGlobalSection
	GlobalSection(ProjectConfigurationPlatforms) = postSolution
		{557902BC-836F-4F84-BF15-D283BDCCD5CD}.Debug|Any CPU.ActiveCfg = Debug|Any CPU
		{557902BC-836F-4F84-BF15-D283BDCCD5CD}.Debug|Any CPU.Build.0 = Debug|Any CPU
		{557902BC-836F-4F84-BF15-D283BDCCD5CD}.Release|Any CPU.ActiveCfg = Release|Any CPU
		{557902BC-836F-4F84-BF15-D283BDCCD5CD}.Release|Any CPU.Build.0 = Release|Any CPU
		{5421567A-6ABF-46BC-85E1-EC7F6457A73C}.Debug|Any CPU.ActiveCfg = Debug|Any CPU
		{5421567A-6ABF-46BC-85E1-EC7F6457A73C}.Debug|Any CPU.Build.0 = Debug|Any CPU
		{5421567A-6ABF-46BC-85E1-EC7F6457A73C}.Release|Any CPU.ActiveCfg = Release|Any CPU
		{5421567A-6ABF-46BC-85E1-EC7F6457A73C}.Release|Any CPU.Build.0 = Release|Any CPU
		{47FD14F9-5680-4953-994E-8B08047FBED7}.Debug|Any CPU.ActiveCfg = Debug|Any CPU
		{47FD14F9-5680-4953-994E-8B08047FBED7}.Debug|Any CPU.Build.0 = Debug|Any CPU
		{47FD14F9-5680-4953-994E-8B08047FBED7}.Release|Any CPU.ActiveCfg = Release|Any CPU
		{47FD14F9-5680-4953-994E-8B08047FBED7}.Release|Any CPU.Build.0 = Release|Any CPU
		{DD73A43C-6D95-48F0-BDF5-0560833CA9B7}.Debug|Any CPU.ActiveCfg = Debug|Any CPU
		{DD73A43C-6D95-48F0-BDF5-0560833CA9B7}.Debug|Any CPU.Build.0 = Debug|Any CPU
		{DD73A43C-6D95-48F0-BDF5-0560833CA9B7}.Release|Any CPU.ActiveCfg = Release|Any CPU
		{DD73A43C-6D95-48F0-BDF5-0560833CA9B7}.Release|Any CPU.Build.0 = Release|Any CPU
		{E01D6611-1B22-4E21-9FD3-501CE5260C46}.Debug|Any CPU.ActiveCfg = Debug|Any CPU
		{E01D6611-1B22-4E21-9FD3-501CE5260C46}.Debug|Any CPU.Build.0 = Debug|Any CPU
		{E01D6611-1B22-4E21-9FD3-501CE5260C46}.Release|Any CPU.ActiveCfg = Release|Any CPU
		{E01D6611-1B22-4E21-9FD3-501CE5260C46}.Release|Any CPU.Build.0 = Release|Any CPU
		{581B0E45-E5F5-4F04-902E-D58ADDC33500}.Debug|Any CPU.ActiveCfg = Debug|Any CPU
		{581B0E45-E5F5-4F04-902E-D58ADDC33500}.Debug|Any CPU.Build.0 = Debug|Any CPU
		{581B0E45-E5F5-4F04-902E-D58ADDC33500}.Release|Any CPU.ActiveCfg = Release|Any CPU
		{581B0E45-E5F5-4F04-902E-D58ADDC33500}.Release|Any CPU.Build.0 = Release|Any CPU
	EndGlobalSection
	GlobalSection(SolutionProperties) = preSolution
		HideSolutionNode = FALSE
	EndGlobalSection
	GlobalSection(ExtensibilityGlobals) = postSolution
		SolutionGuid = {D167D86C-9DA5-45BD-9250-E108DBA2810D}
	EndGlobalSection
EndGlobal
